
Microsoft Visual Studio Solution File, Format Version 12.00
# Visual Studio 15
VisualStudioVersion = 15.0.27428.2015
MinimumVisualStudioVersion = 10.0.40219.1
Project("{FAE04EC0-301F-11D3-BF4B-00C04F79EFBC}") = "WU-Helper.Web", "WU-Helper.Web\WU-Helper.Web.csproj", "{3DA10CC2-3CE5-4F74-BA86-6281CBD1B0B3}"
EndProject
Global
	GlobalSection(SolutionConfigurationPlatforms) = preSolution
		Debug|Any CPU = Debug|Any CPU
		Release|Any CPU = Release|Any CPU
	EndGlobalSection
	GlobalSection(ProjectConfigurationPlatforms) = postSolution
		{3DA10CC2-3CE5-4F74-BA86-6281CBD1B0B3}.Debug|Any CPU.ActiveCfg = Debug|Any CPU
		{3DA10CC2-3CE5-4F74-BA86-6281CBD1B0B3}.Debug|Any CPU.Build.0 = Debug|Any CPU
		{3DA10CC2-3CE5-4F74-BA86-6281CBD1B0B3}.Release|Any CPU.ActiveCfg = Release|Any CPU
		{3DA10CC2-3CE5-4F74-BA86-6281CBD1B0B3}.Release|Any CPU.Build.0 = Release|Any CPU
	EndGlobalSection
	GlobalSection(SolutionProperties) = preSolution
		HideSolutionNode = FALSE
	EndGlobalSection
	GlobalSection(ExtensibilityGlobals) = postSolution
		SolutionGuid = {BE1C5CC6-8DDC-4BA6-95ED-054BBB2470E2}
	EndGlobalSection
EndGlobal
